
Microsoft Visual Studio Solution File, Format Version 12.00
# Visual Studio Version 17
VisualStudioVersion = 17.4.33205.214
MinimumVisualStudioVersion = 10.0.40219.1
Project("{FAE04EC0-301F-11D3-BF4B-00C04F79EFBC}") = "SPGDX", "SPGDX\SPGDX.csproj", "{572AC913-C229-4FF8-BEDA-B13A5A2841F1}"
EndProject
Global
	GlobalSection(SolutionConfigurationPlatforms) = preSolution
		Debug|Any CPU = Debug|Any CPU
		Release|Any CPU = Release|Any CPU
	EndGlobalSection
	GlobalSection(ProjectConfigurationPlatforms) = postSolution
		{572AC913-C229-4FF8-BEDA-B13A5A2841F1}.Debug|Any CPU.ActiveCfg = Debug|Any CPU
		{572AC913-C229-4FF8-BEDA-B13A5A2841F1}.Debug|Any CPU.Build.0 = Debug|Any CPU
		{572AC913-C229-4FF8-BEDA-B13A5A2841F1}.Release|Any CPU.ActiveCfg = Release|Any CPU
		{572AC913-C229-4FF8-BEDA-B13A5A2841F1}.Release|Any CPU.Build.0 = Release|Any CPU
	EndGlobalSection
	GlobalSection(SolutionProperties) = preSolution
		HideSolutionNode = FALSE
	EndGlobalSection
	GlobalSection(ExtensibilityGlobals) = postSolution
		SolutionGuid = {964D2192-A119-4B49-AF9F-BE247692F635}
	EndGlobalSection
EndGlobal
